github.com/blitz-frost/io v0.2.6 h1:dyngmDMLBj0bQCZ5mTKrxURBlJH1+aFnd5Kz+uYNLxA=
github.com/blitz-frost/io v0.2.6/go.mod h1:h7gT4ncQ+eyYZMCnsrKfVlue5gXwZaMQ+DMXS+EaRVs=
github.com/blitz-frost/msg v0.1.1 h1:C9fGUhBeW7BcJMBhMirWNom09QX6cwpEf0LIW7/vibI=
github.com/blitz-frost/msg v0.1.1/go.mod h1:uQy8Tigo19XA/i/GeXC3+NtTFUzD08mdagIezoN44ec=
