github.com/blitz-frost/io v0.2.0 h1:vvkGKTHigMa+uWomJL0nACy5B2MPnSWJe4zpzSWhls8=
github.com/blitz-frost/io v0.2.0/go.mod h1:jPkgICs4dSfC2tI1qBNGj3QEzDA0i5+uAq2YXiGBK6k=
github.com/blitz-frost/msg v0.1.0 h1:CR1X+7CAFNAUjtqae0JHM/XtepZPrIo9brsfHcYkf/M=
github.com/blitz-frost/msg v0.1.0/go.mod h1:o0bR3SgQCCzdL+fPwWTAizU27QS0L2Ome0hptRGu1Zs=
